
Microsoft Visual Studio Solution File, Format Version 12.00
# Visual Studio 15
Project("{FAE04EC0-301F-11D3-BF4B-00C04F79EFBC}") = "docker_helloWorld", "docker_helloWorld\docker_helloWorld.csproj", "{BCCCFCC9-5BF9-4879-8A63-9443FC39378A}"
EndProject
Project("{2150E333-8FDC-42A3-9474-1A3956D46DE8}") = "Resources", "Resources", "{9CB2E899-82E7-4724-A8A5-8995A6580918}"
	ProjectSection(SolutionItems) = preProject
		helloworld-service.yaml = helloworld-service.yaml
		Dockerfile-ping_service = Dockerfile-ping_service
		Dockerfile-hello_world = Dockerfile-hello_world
		pingService-deploy.yaml = pingService-deploy.yaml
	EndProjectSection
EndProject
Project("{FAE04EC0-301F-11D3-BF4B-00C04F79EFBC}") = "pingService", "pingService\pingService.csproj", "{A2DF5E2B-DA32-45BA-9583-4D667F0D1A83}"
EndProject
Global
	GlobalSection(SolutionConfigurationPlatforms) = preSolution
		Debug|Any CPU = Debug|Any CPU
		Release|Any CPU = Release|Any CPU
	EndGlobalSection
	GlobalSection(ProjectConfigurationPlatforms) = postSolution
		{BCCCFCC9-5BF9-4879-8A63-9443FC39378A}.Debug|Any CPU.ActiveCfg = Debug|Any CPU
		{BCCCFCC9-5BF9-4879-8A63-9443FC39378A}.Debug|Any CPU.Build.0 = Debug|Any CPU
		{BCCCFCC9-5BF9-4879-8A63-9443FC39378A}.Release|Any CPU.ActiveCfg = Release|Any CPU
		{BCCCFCC9-5BF9-4879-8A63-9443FC39378A}.Release|Any CPU.Build.0 = Release|Any CPU
		{A2DF5E2B-DA32-45BA-9583-4D667F0D1A83}.Debug|Any CPU.ActiveCfg = Debug|Any CPU
		{A2DF5E2B-DA32-45BA-9583-4D667F0D1A83}.Debug|Any CPU.Build.0 = Debug|Any CPU
		{A2DF5E2B-DA32-45BA-9583-4D667F0D1A83}.Release|Any CPU.ActiveCfg = Release|Any CPU
		{A2DF5E2B-DA32-45BA-9583-4D667F0D1A83}.Release|Any CPU.Build.0 = Release|Any CPU
	EndGlobalSection
EndGlobal
